
Microsoft Visual Studio Solution File, Format Version 12.00
# Visual Studio Version 17
VisualStudioVersion = 17.0.31919.166
MinimumVisualStudioVersion = 10.0.40219.1
Project("{FAE04EC0-301F-11D3-BF4B-00C04F79EFBC}") = "SoundChoice", "SoundChoice\SoundChoice.csproj", "{AAFA431D-8A6A-4E1A-B35F-F40AB65A490F}"
EndProject
Global
	GlobalSection(SolutionConfigurationPlatforms) = preSolution
		Debug|Any CPU = Debug|Any CPU
		Release|Any CPU = Release|Any CPU
	EndGlobalSection
	GlobalSection(ProjectConfigurationPlatforms) = postSolution
		{AAFA431D-8A6A-4E1A-B35F-F40AB65A490F}.Debug|Any CPU.ActiveCfg = Debug|Any CPU
		{AAFA431D-8A6A-4E1A-B35F-F40AB65A490F}.Debug|Any CPU.Build.0 = Debug|Any CPU
		{AAFA431D-8A6A-4E1A-B35F-F40AB65A490F}.Release|Any CPU.ActiveCfg = Release|Any CPU
		{AAFA431D-8A6A-4E1A-B35F-F40AB65A490F}.Release|Any CPU.Build.0 = Release|Any CPU
	EndGlobalSection
	GlobalSection(SolutionProperties) = preSolution
		HideSolutionNode = FALSE
	EndGlobalSection
	GlobalSection(ExtensibilityGlobals) = postSolution
		SolutionGuid = {BD50FA9D-5354-4737-A4C4-60633DE79D17}
	EndGlobalSection
EndGlobal
